
Microsoft Visual Studio Solution File, Format Version 12.00
# Visual Studio Version 17
VisualStudioVersion = 17.3.32901.215
MinimumVisualStudioVersion = 10.0.40219.1
Project("{FAE04EC0-301F-11D3-BF4B-00C04F79EFBC}") = "PetShop", "PetShop\PetShop.csproj", "{1F267C71-DF6D-46F7-888A-142E7B34496E}"
EndProject
Project("{FAE04EC0-301F-11D3-BF4B-00C04F79EFBC}") = "PetShop.Tests", "PetShop.Tests\PetShop.Tests.csproj", "{0F34D392-2018-4C28-A4F3-F2EEE4831BAD}"
EndProject
Global
	GlobalSection(SolutionConfigurationPlatforms) = preSolution
		Debug|Any CPU = Debug|Any CPU
		Release|Any CPU = Release|Any CPU
	EndGlobalSection
	GlobalSection(ProjectConfigurationPlatforms) = postSolution
		{1F267C71-DF6D-46F7-888A-142E7B34496E}.Debug|Any CPU.ActiveCfg = Debug|Any CPU
		{1F267C71-DF6D-46F7-888A-142E7B34496E}.Debug|Any CPU.Build.0 = Debug|Any CPU
		{1F267C71-DF6D-46F7-888A-142E7B34496E}.Release|Any CPU.ActiveCfg = Release|Any CPU
		{1F267C71-DF6D-46F7-888A-142E7B34496E}.Release|Any CPU.Build.0 = Release|Any CPU
		{0F34D392-2018-4C28-A4F3-F2EEE4831BAD}.Debug|Any CPU.ActiveCfg = Debug|Any CPU
		{0F34D392-2018-4C28-A4F3-F2EEE4831BAD}.Debug|Any CPU.Build.0 = Debug|Any CPU
		{0F34D392-2018-4C28-A4F3-F2EEE4831BAD}.Release|Any CPU.ActiveCfg = Release|Any CPU
		{0F34D392-2018-4C28-A4F3-F2EEE4831BAD}.Release|Any CPU.Build.0 = Release|Any CPU
	EndGlobalSection
	GlobalSection(SolutionProperties) = preSolution
		HideSolutionNode = FALSE
	EndGlobalSection
	GlobalSection(ExtensibilityGlobals) = postSolution
		SolutionGuid = {C3334F77-CF76-471C-817A-119E84608AB2}
	EndGlobalSection
EndGlobal
